github.com/go-logr/logr v1.4.1/go.mod h1:9T104GzyrTigFIr8wt5mBrctHMim0Nb2HLGrmQ40KvY=
github.com/google/uuid v1.6.0/go.mod h1:TIyPZe4MgqvfeYDBFedMoGGpEw/LqOeaOT+nhxU+yHo=
github.com/vmware/govmomi v0.37.0/go.mod h1:mtGWtM+YhTADHlCgJBiskSRPOZRsN9MSjPzaZLte/oQ=
k8s.io/api v0.30.0/go.mod h1:OPlaYhoHs8EQ1ql0R/TsUgaRPhpKNxIMrKQfWUp8QSE=
k8s.io/apimachinery v0.30.0/go.mod h1:iexa2somDaxdnj7bha06bhb43Zpa6eWH8N8dbqVjTUc=
k8s.io/client-go v0.30.0/go.mod h1:g7li5O5256qe6TYdAMyX/otJqMhIiGgTapdLchhmOaY=
sigs.k8s.io/controller-runtime v0.18.0/go.mod h1:tuAt1+wbVsXIT8lPtk5RURxqAnq7xkpv2Mhttslg7Hw=
